
Microsoft Visual Studio Solution File, Format Version 12.00
Project("{2150E333-8FDC-42A3-9474-1A3956D46DE8}") = "src", "src", "{83A863E7-F971-49E8-A082-A3C3AB1B25F0}"
EndProject
Project("{2150E333-8FDC-42A3-9474-1A3956D46DE8}") = "api", "api", "{64BB2341-80DE-4313-9090-9F5B528E8648}"
EndProject
Project("{2150E333-8FDC-42A3-9474-1A3956D46DE8}") = "database", "database", "{B79C7ED2-5262-4747-B452-C453BBBE7365}"
EndProject
Project("{2150E333-8FDC-42A3-9474-1A3956D46DE8}") = "lib", "lib", "{A042C390-A560-4FA3-988C-FB7AD3E1C174}"
EndProject
Project("{2150E333-8FDC-42A3-9474-1A3956D46DE8}") = "workers", "workers", "{80776E4B-A414-454C-8B0F-8FF83444D1D4}"
EndProject
Project("{2150E333-8FDC-42A3-9474-1A3956D46DE8}") = "configs", "configs", "{710E5C25-E1BE-40E5-83CA-C11E59A08BBF}"
EndProject
Project("{2150E333-8FDC-42A3-9474-1A3956D46DE8}") = "llm", "llm", "{B141B88C-6DCC-45B2-B710-B6AB44538E77}"
EndProject
Project("{2150E333-8FDC-42A3-9474-1A3956D46DE8}") = "test", "test", "{36A912CB-86FC-407A-B163-BA4BAB3C1FB1}"
EndProject
Project("{2150E333-8FDC-42A3-9474-1A3956D46DE8}") = "api", "api", "{1EDBD263-3A64-49DF-9D59-192688E43E22}"
EndProject
Project("{2150E333-8FDC-42A3-9474-1A3956D46DE8}") = "database", "database", "{D83F1AAB-4A3A-4E9E-BB93-2E44AA5F0550}"
EndProject
Project("{2150E333-8FDC-42A3-9474-1A3956D46DE8}") = "lib", "lib", "{F8E19771-445A-4D59-B014-C2DBD41CA275}"
EndProject
Project("{2150E333-8FDC-42A3-9474-1A3956D46DE8}") = "workers", "workers", "{18FFE249-57BD-4300-AE3A-22DD8E8B4E53}"
EndProject
Global
	GlobalSection(SolutionConfigurationPlatforms) = preSolution
		Debug|Any CPU = Debug|Any CPU
		Release|Any CPU = Release|Any CPU
	EndGlobalSection
	GlobalSection(NestedProjects) = preSolution
		{64BB2341-80DE-4313-9090-9F5B528E8648} = {83A863E7-F971-49E8-A082-A3C3AB1B25F0}
		{B79C7ED2-5262-4747-B452-C453BBBE7365} = {83A863E7-F971-49E8-A082-A3C3AB1B25F0}
		{A042C390-A560-4FA3-988C-FB7AD3E1C174} = {83A863E7-F971-49E8-A082-A3C3AB1B25F0}
		{80776E4B-A414-454C-8B0F-8FF83444D1D4} = {83A863E7-F971-49E8-A082-A3C3AB1B25F0}
		{1EDBD263-3A64-49DF-9D59-192688E43E22} = {36A912CB-86FC-407A-B163-BA4BAB3C1FB1}
		{D83F1AAB-4A3A-4E9E-BB93-2E44AA5F0550} = {36A912CB-86FC-407A-B163-BA4BAB3C1FB1}
		{F8E19771-445A-4D59-B014-C2DBD41CA275} = {36A912CB-86FC-407A-B163-BA4BAB3C1FB1}
		{18FFE249-57BD-4300-AE3A-22DD8E8B4E53} = {36A912CB-86FC-407A-B163-BA4BAB3C1FB1}
	EndGlobalSection
	GlobalSection(ProjectConfigurationPlatforms) = postSolution
	EndGlobalSection
EndGlobal
