
Microsoft Visual Studio Solution File, Format Version 12.00
Project("{2150E333-8FDC-42A3-9474-1A3956D46DE8}") = "src", "src", "{83A863E7-F971-49E8-A082-A3C3AB1B25F0}"
EndProject
Project("{2150E333-8FDC-42A3-9474-1A3956D46DE8}") = "configs", "configs", "{710E5C25-E1BE-40E5-83CA-C11E59A08BBF}"
EndProject
Project("{2150E333-8FDC-42A3-9474-1A3956D46DE8}") = "llm", "llm", "{B141B88C-6DCC-45B2-B710-B6AB44538E77}"
EndProject
Project("{2150E333-8FDC-42A3-9474-1A3956D46DE8}") = "services", "services", "{43DD0BF7-5B5D-4D97-A1E9-1784539C22D5}"
EndProject
Project("{2150E333-8FDC-42A3-9474-1A3956D46DE8}") = "Identity", "Identity", "{7C53B95F-B6C8-4F23-9FF8-863E1B3ADFA2}"
EndProject
Project("{2150E333-8FDC-42A3-9474-1A3956D46DE8}") = "edge", "edge", "{59523B67-3E8E-41A5-AA68-4D777441101E}"
EndProject
Project("{2150E333-8FDC-42A3-9474-1A3956D46DE8}") = "deploy", "deploy", "{2F570363-AC2E-4413-92B2-768C0BAE5F27}"
EndProject
Project("{2150E333-8FDC-42A3-9474-1A3956D46DE8}") = "Users", "Users", "{2BDDB330-05AC-43C3-9D5D-7BE4AFF1C479}"
EndProject
Project("{2150E333-8FDC-42A3-9474-1A3956D46DE8}") = "docker", "docker", "{5D93C9CD-5388-4339-B28E-F65AC217429F}"
	ProjectSection(SolutionItems) = preProject
		src\deploy\docker\docker-compose.yml = src\deploy\docker\docker-compose.yml
		src\deploy\docker\Dockerfile.identity = src\deploy\docker\Dockerfile.identity
		src\deploy\docker\Dockerfile.users = src\deploy\docker\Dockerfile.users
	EndProjectSection
EndProject
Project("{2150E333-8FDC-42A3-9474-1A3956D46DE8}") = "k8s", "k8s", "{38E347B0-8ADF-463A-AA92-A885C68025C5}"
EndProject
Project("{2150E333-8FDC-42A3-9474-1A3956D46DE8}") = "tests", "tests", "{BDA4D36C-68BC-46A6-99B1-6932D90038FF}"
EndProject
Project("{2150E333-8FDC-42A3-9474-1A3956D46DE8}") = "lib", "lib", "{3C3681CE-4517-4B9C-A1B6-0885C0615F3E}"
EndProject
Project("{FAE04EC0-301F-11D3-BF4B-00C04F79EFBC}") = "BaseDomain", "src\lib\BaseDomain\BaseDomain.csproj", "{709CD4FD-4FB8-4CC3-959C-2139A11735BB}"
EndProject
Project("{FAE04EC0-301F-11D3-BF4B-00C04F79EFBC}") = "BaseInfrastructure", "src\lib\BaseInfrastructure\BaseInfrastructure.csproj", "{9F548956-EFDA-4C40-92CB-E85C1522C693}"
EndProject
Project("{FAE04EC0-301F-11D3-BF4B-00C04F79EFBC}") = "Identity.Api", "src\services\Identity.Api\Identity.Api.csproj", "{C8EAA977-A00A-4876-88A8-A42D437AEA06}"
EndProject
Project("{FAE04EC0-301F-11D3-BF4B-00C04F79EFBC}") = "Identity.Application", "src\services\Identity.Application\Identity.Application.csproj", "{7C87926E-823E-4640-8DFE-9A1F6E2D875D}"
EndProject
Project("{FAE04EC0-301F-11D3-BF4B-00C04F79EFBC}") = "Identity.Contracts", "src\services\Identity.Contracts\Identity.Contracts.csproj", "{4002EDC0-7EC4-48A3-8634-2C05FBAECB66}"
EndProject
Project("{FAE04EC0-301F-11D3-BF4B-00C04F79EFBC}") = "Identity.Domain", "src\services\Identity.Domain\Identity.Domain.csproj", "{8AEC5CAF-4E0C-49D2-8B6C-F58FAC62F3D7}"
EndProject
Project("{FAE04EC0-301F-11D3-BF4B-00C04F79EFBC}") = "Identity.Infrastructure", "src\services\Identity.Infrastructure\Identity.Infrastructure.csproj", "{FADFECE5-0BDE-426B-BDA4-559E11395694}"
EndProject
Project("{FAE04EC0-301F-11D3-BF4B-00C04F79EFBC}") = "Users.Api", "src\services\Users.Api\Users.Api.csproj", "{071D7527-ECC3-4227-9049-351ECE43EF23}"
EndProject
Project("{FAE04EC0-301F-11D3-BF4B-00C04F79EFBC}") = "Users.Application", "src\services\Users.Application\Users.Application.csproj", "{0C58F182-7ED6-4D9C-935C-5C1F0D44AD25}"
EndProject
Project("{FAE04EC0-301F-11D3-BF4B-00C04F79EFBC}") = "Users.Contracts", "src\services\Users.Contracts\Users.Contracts.csproj", "{C0671825-C46A-46C7-95CA-482A7EFE1304}"
EndProject
Project("{FAE04EC0-301F-11D3-BF4B-00C04F79EFBC}") = "Users.Domain", "src\services\Users.Domain\Users.Domain.csproj", "{B3D023D7-6A61-4250-9BBC-89CD44D3EC6C}"
EndProject
Project("{FAE04EC0-301F-11D3-BF4B-00C04F79EFBC}") = "Users.Infrastructure", "src\services\Users.Infrastructure\Users.Infrastructure.csproj", "{7057D9C5-A4BF-4D13-BC2F-7B2BAFC1A997}"
EndProject
Project("{2150E333-8FDC-42A3-9474-1A3956D46DE8}") = "database", "database", "{3FEE59AE-091F-460D-9E83-77D9940C34DA}"
	ProjectSection(SolutionItems) = preProject
		src\deploy\docker\postgres-init\01-create-databases.sql = src\deploy\docker\postgres-init\01-create-databases.sql
	EndProjectSection
EndProject
Project("{2150E333-8FDC-42A3-9474-1A3956D46DE8}") = "main", "main", "{5E2B04FF-852A-4613-91E9-D5A4F725F425}"
EndProject
Project("{FAE04EC0-301F-11D3-BF4B-00C04F79EFBC}") = "Main.Api", "src\Main.Api\Main.Api.csproj", "{3CBD8770-9A1A-4AB8-B303-D46107593B34}"
EndProject
Project("{FAE04EC0-301F-11D3-BF4B-00C04F79EFBC}") = "Main.Application", "src\Main.Application\Main.Application.csproj", "{924D07DE-D3FD-4E90-B9F5-1221C79C452E}"
EndProject
Project("{FAE04EC0-301F-11D3-BF4B-00C04F79EFBC}") = "Main.Contract", "src\Main.Contract\Main.Contract.csproj", "{34E103E0-E89B-4E9D-B93C-C1E4BB87BA1D}"
EndProject
Project("{FAE04EC0-301F-11D3-BF4B-00C04F79EFBC}") = "Main.Domain", "src\Main.Domain\Main.Domain.csproj", "{A051326E-3CE9-44A3-B59B-B9AA70FAF599}"
EndProject
Project("{FAE04EC0-301F-11D3-BF4B-00C04F79EFBC}") = "Main.Infrastructure", "src\Main.Infrastructure\Main.Infrastructure.csproj", "{86B142D8-0490-43F5-BD50-E0EC02C18576}"
EndProject
Global
	GlobalSection(SolutionConfigurationPlatforms) = preSolution
		Debug|Any CPU = Debug|Any CPU
		Release|Any CPU = Release|Any CPU
	EndGlobalSection
	GlobalSection(NestedProjects) = preSolution
		{43DD0BF7-5B5D-4D97-A1E9-1784539C22D5} = {83A863E7-F971-49E8-A082-A3C3AB1B25F0}
		{7C53B95F-B6C8-4F23-9FF8-863E1B3ADFA2} = {43DD0BF7-5B5D-4D97-A1E9-1784539C22D5}
		{59523B67-3E8E-41A5-AA68-4D777441101E} = {83A863E7-F971-49E8-A082-A3C3AB1B25F0}
		{2F570363-AC2E-4413-92B2-768C0BAE5F27} = {83A863E7-F971-49E8-A082-A3C3AB1B25F0}
		{2BDDB330-05AC-43C3-9D5D-7BE4AFF1C479} = {43DD0BF7-5B5D-4D97-A1E9-1784539C22D5}
		{5D93C9CD-5388-4339-B28E-F65AC217429F} = {2F570363-AC2E-4413-92B2-768C0BAE5F27}
		{38E347B0-8ADF-463A-AA92-A885C68025C5} = {2F570363-AC2E-4413-92B2-768C0BAE5F27}
		{3C3681CE-4517-4B9C-A1B6-0885C0615F3E} = {83A863E7-F971-49E8-A082-A3C3AB1B25F0}
		{709CD4FD-4FB8-4CC3-959C-2139A11735BB} = {3C3681CE-4517-4B9C-A1B6-0885C0615F3E}
		{9F548956-EFDA-4C40-92CB-E85C1522C693} = {3C3681CE-4517-4B9C-A1B6-0885C0615F3E}
		{C8EAA977-A00A-4876-88A8-A42D437AEA06} = {7C53B95F-B6C8-4F23-9FF8-863E1B3ADFA2}
		{7C87926E-823E-4640-8DFE-9A1F6E2D875D} = {7C53B95F-B6C8-4F23-9FF8-863E1B3ADFA2}
		{4002EDC0-7EC4-48A3-8634-2C05FBAECB66} = {7C53B95F-B6C8-4F23-9FF8-863E1B3ADFA2}
		{8AEC5CAF-4E0C-49D2-8B6C-F58FAC62F3D7} = {7C53B95F-B6C8-4F23-9FF8-863E1B3ADFA2}
		{FADFECE5-0BDE-426B-BDA4-559E11395694} = {7C53B95F-B6C8-4F23-9FF8-863E1B3ADFA2}
		{071D7527-ECC3-4227-9049-351ECE43EF23} = {2BDDB330-05AC-43C3-9D5D-7BE4AFF1C479}
		{0C58F182-7ED6-4D9C-935C-5C1F0D44AD25} = {2BDDB330-05AC-43C3-9D5D-7BE4AFF1C479}
		{C0671825-C46A-46C7-95CA-482A7EFE1304} = {2BDDB330-05AC-43C3-9D5D-7BE4AFF1C479}
		{B3D023D7-6A61-4250-9BBC-89CD44D3EC6C} = {2BDDB330-05AC-43C3-9D5D-7BE4AFF1C479}
		{7057D9C5-A4BF-4D13-BC2F-7B2BAFC1A997} = {2BDDB330-05AC-43C3-9D5D-7BE4AFF1C479}
		{3FEE59AE-091F-460D-9E83-77D9940C34DA} = {2F570363-AC2E-4413-92B2-768C0BAE5F27}
		{5E2B04FF-852A-4613-91E9-D5A4F725F425} = {83A863E7-F971-49E8-A082-A3C3AB1B25F0}
		{3CBD8770-9A1A-4AB8-B303-D46107593B34} = {5E2B04FF-852A-4613-91E9-D5A4F725F425}
		{924D07DE-D3FD-4E90-B9F5-1221C79C452E} = {5E2B04FF-852A-4613-91E9-D5A4F725F425}
		{34E103E0-E89B-4E9D-B93C-C1E4BB87BA1D} = {5E2B04FF-852A-4613-91E9-D5A4F725F425}
		{A051326E-3CE9-44A3-B59B-B9AA70FAF599} = {5E2B04FF-852A-4613-91E9-D5A4F725F425}
		{86B142D8-0490-43F5-BD50-E0EC02C18576} = {5E2B04FF-852A-4613-91E9-D5A4F725F425}
	EndGlobalSection
	GlobalSection(ProjectConfigurationPlatforms) = postSolution
		{709CD4FD-4FB8-4CC3-959C-2139A11735BB}.Debug|Any CPU.ActiveCfg = Debug|Any CPU
		{709CD4FD-4FB8-4CC3-959C-2139A11735BB}.Debug|Any CPU.Build.0 = Debug|Any CPU
		{709CD4FD-4FB8-4CC3-959C-2139A11735BB}.Release|Any CPU.ActiveCfg = Release|Any CPU
		{709CD4FD-4FB8-4CC3-959C-2139A11735BB}.Release|Any CPU.Build.0 = Release|Any CPU
		{9F548956-EFDA-4C40-92CB-E85C1522C693}.Debug|Any CPU.ActiveCfg = Debug|Any CPU
		{9F548956-EFDA-4C40-92CB-E85C1522C693}.Debug|Any CPU.Build.0 = Debug|Any CPU
		{9F548956-EFDA-4C40-92CB-E85C1522C693}.Release|Any CPU.ActiveCfg = Release|Any CPU
		{9F548956-EFDA-4C40-92CB-E85C1522C693}.Release|Any CPU.Build.0 = Release|Any CPU
		{C8EAA977-A00A-4876-88A8-A42D437AEA06}.Debug|Any CPU.ActiveCfg = Debug|Any CPU
		{C8EAA977-A00A-4876-88A8-A42D437AEA06}.Debug|Any CPU.Build.0 = Debug|Any CPU
		{C8EAA977-A00A-4876-88A8-A42D437AEA06}.Release|Any CPU.ActiveCfg = Release|Any CPU
		{C8EAA977-A00A-4876-88A8-A42D437AEA06}.Release|Any CPU.Build.0 = Release|Any CPU
		{7C87926E-823E-4640-8DFE-9A1F6E2D875D}.Debug|Any CPU.ActiveCfg = Debug|Any CPU
		{7C87926E-823E-4640-8DFE-9A1F6E2D875D}.Debug|Any CPU.Build.0 = Debug|Any CPU
		{7C87926E-823E-4640-8DFE-9A1F6E2D875D}.Release|Any CPU.ActiveCfg = Release|Any CPU
		{7C87926E-823E-4640-8DFE-9A1F6E2D875D}.Release|Any CPU.Build.0 = Release|Any CPU
		{4002EDC0-7EC4-48A3-8634-2C05FBAECB66}.Debug|Any CPU.ActiveCfg = Debug|Any CPU
		{4002EDC0-7EC4-48A3-8634-2C05FBAECB66}.Debug|Any CPU.Build.0 = Debug|Any CPU
		{4002EDC0-7EC4-48A3-8634-2C05FBAECB66}.Release|Any CPU.ActiveCfg = Release|Any CPU
		{4002EDC0-7EC4-48A3-8634-2C05FBAECB66}.Release|Any CPU.Build.0 = Release|Any CPU
		{8AEC5CAF-4E0C-49D2-8B6C-F58FAC62F3D7}.Debug|Any CPU.ActiveCfg = Debug|Any CPU
		{8AEC5CAF-4E0C-49D2-8B6C-F58FAC62F3D7}.Debug|Any CPU.Build.0 = Debug|Any CPU
		{8AEC5CAF-4E0C-49D2-8B6C-F58FAC62F3D7}.Release|Any CPU.ActiveCfg = Release|Any CPU
		{8AEC5CAF-4E0C-49D2-8B6C-F58FAC62F3D7}.Release|Any CPU.Build.0 = Release|Any CPU
		{FADFECE5-0BDE-426B-BDA4-559E11395694}.Debug|Any CPU.ActiveCfg = Debug|Any CPU
		{FADFECE5-0BDE-426B-BDA4-559E11395694}.Debug|Any CPU.Build.0 = Debug|Any CPU
		{FADFECE5-0BDE-426B-BDA4-559E11395694}.Release|Any CPU.ActiveCfg = Release|Any CPU
		{FADFECE5-0BDE-426B-BDA4-559E11395694}.Release|Any CPU.Build.0 = Release|Any CPU
		{071D7527-ECC3-4227-9049-351ECE43EF23}.Debug|Any CPU.ActiveCfg = Debug|Any CPU
		{071D7527-ECC3-4227-9049-351ECE43EF23}.Debug|Any CPU.Build.0 = Debug|Any CPU
		{071D7527-ECC3-4227-9049-351ECE43EF23}.Release|Any CPU.ActiveCfg = Release|Any CPU
		{071D7527-ECC3-4227-9049-351ECE43EF23}.Release|Any CPU.Build.0 = Release|Any CPU
		{0C58F182-7ED6-4D9C-935C-5C1F0D44AD25}.Debug|Any CPU.ActiveCfg = Debug|Any CPU
		{0C58F182-7ED6-4D9C-935C-5C1F0D44AD25}.Debug|Any CPU.Build.0 = Debug|Any CPU
		{0C58F182-7ED6-4D9C-935C-5C1F0D44AD25}.Release|Any CPU.ActiveCfg = Release|Any CPU
		{0C58F182-7ED6-4D9C-935C-5C1F0D44AD25}.Release|Any CPU.Build.0 = Release|Any CPU
		{C0671825-C46A-46C7-95CA-482A7EFE1304}.Debug|Any CPU.ActiveCfg = Debug|Any CPU
		{C0671825-C46A-46C7-95CA-482A7EFE1304}.Debug|Any CPU.Build.0 = Debug|Any CPU
		{C0671825-C46A-46C7-95CA-482A7EFE1304}.Release|Any CPU.ActiveCfg = Release|Any CPU
		{C0671825-C46A-46C7-95CA-482A7EFE1304}.Release|Any CPU.Build.0 = Release|Any CPU
		{B3D023D7-6A61-4250-9BBC-89CD44D3EC6C}.Debug|Any CPU.ActiveCfg = Debug|Any CPU
		{B3D023D7-6A61-4250-9BBC-89CD44D3EC6C}.Debug|Any CPU.Build.0 = Debug|Any CPU
		{B3D023D7-6A61-4250-9BBC-89CD44D3EC6C}.Release|Any CPU.ActiveCfg = Release|Any CPU
		{B3D023D7-6A61-4250-9BBC-89CD44D3EC6C}.Release|Any CPU.Build.0 = Release|Any CPU
		{7057D9C5-A4BF-4D13-BC2F-7B2BAFC1A997}.Debug|Any CPU.ActiveCfg = Debug|Any CPU
		{7057D9C5-A4BF-4D13-BC2F-7B2BAFC1A997}.Debug|Any CPU.Build.0 = Debug|Any CPU
		{7057D9C5-A4BF-4D13-BC2F-7B2BAFC1A997}.Release|Any CPU.ActiveCfg = Release|Any CPU
		{7057D9C5-A4BF-4D13-BC2F-7B2BAFC1A997}.Release|Any CPU.Build.0 = Release|Any CPU
		{3CBD8770-9A1A-4AB8-B303-D46107593B34}.Debug|Any CPU.ActiveCfg = Debug|Any CPU
		{3CBD8770-9A1A-4AB8-B303-D46107593B34}.Debug|Any CPU.Build.0 = Debug|Any CPU
		{3CBD8770-9A1A-4AB8-B303-D46107593B34}.Release|Any CPU.ActiveCfg = Release|Any CPU
		{3CBD8770-9A1A-4AB8-B303-D46107593B34}.Release|Any CPU.Build.0 = Release|Any CPU
		{924D07DE-D3FD-4E90-B9F5-1221C79C452E}.Debug|Any CPU.ActiveCfg = Debug|Any CPU
		{924D07DE-D3FD-4E90-B9F5-1221C79C452E}.Debug|Any CPU.Build.0 = Debug|Any CPU
		{924D07DE-D3FD-4E90-B9F5-1221C79C452E}.Release|Any CPU.ActiveCfg = Release|Any CPU
		{924D07DE-D3FD-4E90-B9F5-1221C79C452E}.Release|Any CPU.Build.0 = Release|Any CPU
		{34E103E0-E89B-4E9D-B93C-C1E4BB87BA1D}.Debug|Any CPU.ActiveCfg = Debug|Any CPU
		{34E103E0-E89B-4E9D-B93C-C1E4BB87BA1D}.Debug|Any CPU.Build.0 = Debug|Any CPU
		{34E103E0-E89B-4E9D-B93C-C1E4BB87BA1D}.Release|Any CPU.ActiveCfg = Release|Any CPU
		{34E103E0-E89B-4E9D-B93C-C1E4BB87BA1D}.Release|Any CPU.Build.0 = Release|Any CPU
		{A051326E-3CE9-44A3-B59B-B9AA70FAF599}.Debug|Any CPU.ActiveCfg = Debug|Any CPU
		{A051326E-3CE9-44A3-B59B-B9AA70FAF599}.Debug|Any CPU.Build.0 = Debug|Any CPU
		{A051326E-3CE9-44A3-B59B-B9AA70FAF599}.Release|Any CPU.ActiveCfg = Release|Any CPU
		{A051326E-3CE9-44A3-B59B-B9AA70FAF599}.Release|Any CPU.Build.0 = Release|Any CPU
		{86B142D8-0490-43F5-BD50-E0EC02C18576}.Debug|Any CPU.ActiveCfg = Debug|Any CPU
		{86B142D8-0490-43F5-BD50-E0EC02C18576}.Debug|Any CPU.Build.0 = Debug|Any CPU
		{86B142D8-0490-43F5-BD50-E0EC02C18576}.Release|Any CPU.ActiveCfg = Release|Any CPU
		{86B142D8-0490-43F5-BD50-E0EC02C18576}.Release|Any CPU.Build.0 = Release|Any CPU
	EndGlobalSection
EndGlobal
