
Microsoft Visual Studio Solution File, Format Version 12.00
Project("{2150E333-8FDC-42A3-9474-1A3956D46DE8}") = "src", "src", "{83A863E7-F971-49E8-A082-A3C3AB1B25F0}"
EndProject
Project("{2150E333-8FDC-42A3-9474-1A3956D46DE8}") = "configs", "configs", "{710E5C25-E1BE-40E5-83CA-C11E59A08BBF}"
EndProject
Project("{2150E333-8FDC-42A3-9474-1A3956D46DE8}") = "llm", "llm", "{B141B88C-6DCC-45B2-B710-B6AB44538E77}"
EndProject
Project("{2150E333-8FDC-42A3-9474-1A3956D46DE8}") = "services", "services", "{43DD0BF7-5B5D-4D97-A1E9-1784539C22D5}"
EndProject
Project("{2150E333-8FDC-42A3-9474-1A3956D46DE8}") = "Identity", "Identity", "{7C53B95F-B6C8-4F23-9FF8-863E1B3ADFA2}"
EndProject
Project("{FAE04EC0-301F-11D3-BF4B-00C04F79EFBC}") = "Identity.Api", "src\Identity.Api\Identity.Api.csproj", "{6364AB70-0299-4465-BA5E-8A4AA751702F}"
EndProject
Project("{FAE04EC0-301F-11D3-BF4B-00C04F79EFBC}") = "Identity.Application", "src\Identity.Application\Identity.Application.csproj", "{D9ABE3A9-0C4A-467F-98DB-EE85A43E02CB}"
EndProject
Project("{FAE04EC0-301F-11D3-BF4B-00C04F79EFBC}") = "Identity.Domain", "src\Identity.Domain\Identity.Domain.csproj", "{9EEC0BC4-9521-4B4E-B9BE-8F83E0D1A6A0}"
EndProject
Project("{FAE04EC0-301F-11D3-BF4B-00C04F79EFBC}") = "Identity.Infrastructure", "src\Identity.Infrastructure\Identity.Infrastructure.csproj", "{DA834745-B6AC-418B-846A-DC957DA1DC53}"
EndProject
Project("{FAE04EC0-301F-11D3-BF4B-00C04F79EFBC}") = "Identity.Contracts", "src\Identity.Contracts\Identity.Contracts.csproj", "{77FDFD7B-B808-49AA-B49F-679D38D42340}"
EndProject
Project("{2150E333-8FDC-42A3-9474-1A3956D46DE8}") = "edge", "edge", "{59523B67-3E8E-41A5-AA68-4D777441101E}"
EndProject
Project("{2150E333-8FDC-42A3-9474-1A3956D46DE8}") = "deploy", "deploy", "{2F570363-AC2E-4413-92B2-768C0BAE5F27}"
EndProject
Project("{2150E333-8FDC-42A3-9474-1A3956D46DE8}") = "Users", "Users", "{2BDDB330-05AC-43C3-9D5D-7BE4AFF1C479}"
EndProject
Project("{FAE04EC0-301F-11D3-BF4B-00C04F79EFBC}") = "Users.Api", "src\Users.Api\Users.Api.csproj", "{EAD6A213-4488-4B69-961F-3C67AC22E39E}"
EndProject
Project("{FAE04EC0-301F-11D3-BF4B-00C04F79EFBC}") = "Users.Application", "src\Users.Application\Users.Application.csproj", "{14A6DD2D-30B6-442C-AE0B-01199BB809B6}"
EndProject
Project("{FAE04EC0-301F-11D3-BF4B-00C04F79EFBC}") = "Users.Domain", "src\Users.Domain\Users.Domain.csproj", "{BDC98CAB-5531-447C-A334-742B44DF8D4D}"
EndProject
Project("{FAE04EC0-301F-11D3-BF4B-00C04F79EFBC}") = "Users.Infrastructure", "src\Users.Infrastructure\Users.Infrastructure.csproj", "{EE012539-6C43-4AFB-A8E9-4097BBA99F75}"
EndProject
Project("{FAE04EC0-301F-11D3-BF4B-00C04F79EFBC}") = "Users.Contracts", "src\Users.Contracts\Users.Contracts.csproj", "{C05E5D1A-F106-4156-A102-6F1EBD114318}"
EndProject
Project("{2150E333-8FDC-42A3-9474-1A3956D46DE8}") = "docker", "docker", "{5D93C9CD-5388-4339-B28E-F65AC217429F}"
EndProject
Project("{2150E333-8FDC-42A3-9474-1A3956D46DE8}") = "k8s", "k8s", "{38E347B0-8ADF-463A-AA92-A885C68025C5}"
EndProject
Project("{2150E333-8FDC-42A3-9474-1A3956D46DE8}") = "tests", "tests", "{BDA4D36C-68BC-46A6-99B1-6932D90038FF}"
EndProject
Project("{2150E333-8FDC-42A3-9474-1A3956D46DE8}") = "lib", "lib", "{3C3681CE-4517-4B9C-A1B6-0885C0615F3E}"
EndProject
Project("{FAE04EC0-301F-11D3-BF4B-00C04F79EFBC}") = "BaseDomain", "src\lib\BaseDomain\BaseDomain.csproj", "{709CD4FD-4FB8-4CC3-959C-2139A11735BB}"
EndProject
Project("{FAE04EC0-301F-11D3-BF4B-00C04F79EFBC}") = "BaseInfrastructure", "src\lib\BaseInfrastructure\BaseInfrastructure.csproj", "{9F548956-EFDA-4C40-92CB-E85C1522C693}"
EndProject
Global
	GlobalSection(SolutionConfigurationPlatforms) = preSolution
		Debug|Any CPU = Debug|Any CPU
		Release|Any CPU = Release|Any CPU
	EndGlobalSection
	GlobalSection(NestedProjects) = preSolution
		{43DD0BF7-5B5D-4D97-A1E9-1784539C22D5} = {83A863E7-F971-49E8-A082-A3C3AB1B25F0}
		{7C53B95F-B6C8-4F23-9FF8-863E1B3ADFA2} = {43DD0BF7-5B5D-4D97-A1E9-1784539C22D5}
		{6364AB70-0299-4465-BA5E-8A4AA751702F} = {7C53B95F-B6C8-4F23-9FF8-863E1B3ADFA2}
		{D9ABE3A9-0C4A-467F-98DB-EE85A43E02CB} = {7C53B95F-B6C8-4F23-9FF8-863E1B3ADFA2}
		{9EEC0BC4-9521-4B4E-B9BE-8F83E0D1A6A0} = {7C53B95F-B6C8-4F23-9FF8-863E1B3ADFA2}
		{DA834745-B6AC-418B-846A-DC957DA1DC53} = {7C53B95F-B6C8-4F23-9FF8-863E1B3ADFA2}
		{77FDFD7B-B808-49AA-B49F-679D38D42340} = {7C53B95F-B6C8-4F23-9FF8-863E1B3ADFA2}
		{59523B67-3E8E-41A5-AA68-4D777441101E} = {83A863E7-F971-49E8-A082-A3C3AB1B25F0}
		{2F570363-AC2E-4413-92B2-768C0BAE5F27} = {83A863E7-F971-49E8-A082-A3C3AB1B25F0}
		{2BDDB330-05AC-43C3-9D5D-7BE4AFF1C479} = {43DD0BF7-5B5D-4D97-A1E9-1784539C22D5}
		{EAD6A213-4488-4B69-961F-3C67AC22E39E} = {2BDDB330-05AC-43C3-9D5D-7BE4AFF1C479}
		{14A6DD2D-30B6-442C-AE0B-01199BB809B6} = {2BDDB330-05AC-43C3-9D5D-7BE4AFF1C479}
		{BDC98CAB-5531-447C-A334-742B44DF8D4D} = {2BDDB330-05AC-43C3-9D5D-7BE4AFF1C479}
		{EE012539-6C43-4AFB-A8E9-4097BBA99F75} = {2BDDB330-05AC-43C3-9D5D-7BE4AFF1C479}
		{C05E5D1A-F106-4156-A102-6F1EBD114318} = {2BDDB330-05AC-43C3-9D5D-7BE4AFF1C479}
		{5D93C9CD-5388-4339-B28E-F65AC217429F} = {2F570363-AC2E-4413-92B2-768C0BAE5F27}
		{38E347B0-8ADF-463A-AA92-A885C68025C5} = {2F570363-AC2E-4413-92B2-768C0BAE5F27}
		{3C3681CE-4517-4B9C-A1B6-0885C0615F3E} = {83A863E7-F971-49E8-A082-A3C3AB1B25F0}
		{709CD4FD-4FB8-4CC3-959C-2139A11735BB} = {3C3681CE-4517-4B9C-A1B6-0885C0615F3E}
		{9F548956-EFDA-4C40-92CB-E85C1522C693} = {3C3681CE-4517-4B9C-A1B6-0885C0615F3E}
	EndGlobalSection
	GlobalSection(ProjectConfigurationPlatforms) = postSolution
		{6364AB70-0299-4465-BA5E-8A4AA751702F}.Debug|Any CPU.ActiveCfg = Debug|Any CPU
		{6364AB70-0299-4465-BA5E-8A4AA751702F}.Debug|Any CPU.Build.0 = Debug|Any CPU
		{6364AB70-0299-4465-BA5E-8A4AA751702F}.Release|Any CPU.ActiveCfg = Release|Any CPU
		{6364AB70-0299-4465-BA5E-8A4AA751702F}.Release|Any CPU.Build.0 = Release|Any CPU
		{D9ABE3A9-0C4A-467F-98DB-EE85A43E02CB}.Debug|Any CPU.ActiveCfg = Debug|Any CPU
		{D9ABE3A9-0C4A-467F-98DB-EE85A43E02CB}.Debug|Any CPU.Build.0 = Debug|Any CPU
		{D9ABE3A9-0C4A-467F-98DB-EE85A43E02CB}.Release|Any CPU.ActiveCfg = Release|Any CPU
		{D9ABE3A9-0C4A-467F-98DB-EE85A43E02CB}.Release|Any CPU.Build.0 = Release|Any CPU
		{9EEC0BC4-9521-4B4E-B9BE-8F83E0D1A6A0}.Debug|Any CPU.ActiveCfg = Debug|Any CPU
		{9EEC0BC4-9521-4B4E-B9BE-8F83E0D1A6A0}.Debug|Any CPU.Build.0 = Debug|Any CPU
		{9EEC0BC4-9521-4B4E-B9BE-8F83E0D1A6A0}.Release|Any CPU.ActiveCfg = Release|Any CPU
		{9EEC0BC4-9521-4B4E-B9BE-8F83E0D1A6A0}.Release|Any CPU.Build.0 = Release|Any CPU
		{DA834745-B6AC-418B-846A-DC957DA1DC53}.Debug|Any CPU.ActiveCfg = Debug|Any CPU
		{DA834745-B6AC-418B-846A-DC957DA1DC53}.Debug|Any CPU.Build.0 = Debug|Any CPU
		{DA834745-B6AC-418B-846A-DC957DA1DC53}.Release|Any CPU.ActiveCfg = Release|Any CPU
		{DA834745-B6AC-418B-846A-DC957DA1DC53}.Release|Any CPU.Build.0 = Release|Any CPU
		{77FDFD7B-B808-49AA-B49F-679D38D42340}.Debug|Any CPU.ActiveCfg = Debug|Any CPU
		{77FDFD7B-B808-49AA-B49F-679D38D42340}.Debug|Any CPU.Build.0 = Debug|Any CPU
		{77FDFD7B-B808-49AA-B49F-679D38D42340}.Release|Any CPU.ActiveCfg = Release|Any CPU
		{77FDFD7B-B808-49AA-B49F-679D38D42340}.Release|Any CPU.Build.0 = Release|Any CPU
		{EAD6A213-4488-4B69-961F-3C67AC22E39E}.Debug|Any CPU.ActiveCfg = Debug|Any CPU
		{EAD6A213-4488-4B69-961F-3C67AC22E39E}.Debug|Any CPU.Build.0 = Debug|Any CPU
		{EAD6A213-4488-4B69-961F-3C67AC22E39E}.Release|Any CPU.ActiveCfg = Release|Any CPU
		{EAD6A213-4488-4B69-961F-3C67AC22E39E}.Release|Any CPU.Build.0 = Release|Any CPU
		{14A6DD2D-30B6-442C-AE0B-01199BB809B6}.Debug|Any CPU.ActiveCfg = Debug|Any CPU
		{14A6DD2D-30B6-442C-AE0B-01199BB809B6}.Debug|Any CPU.Build.0 = Debug|Any CPU
		{14A6DD2D-30B6-442C-AE0B-01199BB809B6}.Release|Any CPU.ActiveCfg = Release|Any CPU
		{14A6DD2D-30B6-442C-AE0B-01199BB809B6}.Release|Any CPU.Build.0 = Release|Any CPU
		{BDC98CAB-5531-447C-A334-742B44DF8D4D}.Debug|Any CPU.ActiveCfg = Debug|Any CPU
		{BDC98CAB-5531-447C-A334-742B44DF8D4D}.Debug|Any CPU.Build.0 = Debug|Any CPU
		{BDC98CAB-5531-447C-A334-742B44DF8D4D}.Release|Any CPU.ActiveCfg = Release|Any CPU
		{BDC98CAB-5531-447C-A334-742B44DF8D4D}.Release|Any CPU.Build.0 = Release|Any CPU
		{EE012539-6C43-4AFB-A8E9-4097BBA99F75}.Debug|Any CPU.ActiveCfg = Debug|Any CPU
		{EE012539-6C43-4AFB-A8E9-4097BBA99F75}.Debug|Any CPU.Build.0 = Debug|Any CPU
		{EE012539-6C43-4AFB-A8E9-4097BBA99F75}.Release|Any CPU.ActiveCfg = Release|Any CPU
		{EE012539-6C43-4AFB-A8E9-4097BBA99F75}.Release|Any CPU.Build.0 = Release|Any CPU
		{C05E5D1A-F106-4156-A102-6F1EBD114318}.Debug|Any CPU.ActiveCfg = Debug|Any CPU
		{C05E5D1A-F106-4156-A102-6F1EBD114318}.Debug|Any CPU.Build.0 = Debug|Any CPU
		{C05E5D1A-F106-4156-A102-6F1EBD114318}.Release|Any CPU.ActiveCfg = Release|Any CPU
		{C05E5D1A-F106-4156-A102-6F1EBD114318}.Release|Any CPU.Build.0 = Release|Any CPU
		{709CD4FD-4FB8-4CC3-959C-2139A11735BB}.Debug|Any CPU.ActiveCfg = Debug|Any CPU
		{709CD4FD-4FB8-4CC3-959C-2139A11735BB}.Debug|Any CPU.Build.0 = Debug|Any CPU
		{709CD4FD-4FB8-4CC3-959C-2139A11735BB}.Release|Any CPU.ActiveCfg = Release|Any CPU
		{709CD4FD-4FB8-4CC3-959C-2139A11735BB}.Release|Any CPU.Build.0 = Release|Any CPU
		{9F548956-EFDA-4C40-92CB-E85C1522C693}.Debug|Any CPU.ActiveCfg = Debug|Any CPU
		{9F548956-EFDA-4C40-92CB-E85C1522C693}.Debug|Any CPU.Build.0 = Debug|Any CPU
		{9F548956-EFDA-4C40-92CB-E85C1522C693}.Release|Any CPU.ActiveCfg = Release|Any CPU
		{9F548956-EFDA-4C40-92CB-E85C1522C693}.Release|Any CPU.Build.0 = Release|Any CPU
	EndGlobalSection
EndGlobal
